
Microsoft Visual Studio Solution File, Format Version 12.00
# Visual Studio Version 17
VisualStudioVersion = 17.6.33829.357
MinimumVisualStudioVersion = 10.0.40219.1
Project("{FAE04EC0-301F-11D3-BF4B-00C04F79EFBC}") = "csharp_giaiPTBac2", "csharp_giaiPTBac2.csproj", "{FC31A78F-BC54-4551-AA2F-1643AAB31E79}"
EndProject
Global
	GlobalSection(SolutionConfigurationPlatforms) = preSolution
		Debug|Any CPU = Debug|Any CPU
		Release|Any CPU = Release|Any CPU
	EndGlobalSection
	GlobalSection(ProjectConfigurationPlatforms) = postSolution
		{FC31A78F-BC54-4551-AA2F-1643AAB31E79}.Debug|Any CPU.ActiveCfg = Debug|Any CPU
		{FC31A78F-BC54-4551-AA2F-1643AAB31E79}.Debug|Any CPU.Build.0 = Debug|Any CPU
		{FC31A78F-BC54-4551-AA2F-1643AAB31E79}.Release|Any CPU.ActiveCfg = Release|Any CPU
		{FC31A78F-BC54-4551-AA2F-1643AAB31E79}.Release|Any CPU.Build.0 = Release|Any CPU
	EndGlobalSection
	GlobalSection(SolutionProperties) = preSolution
		HideSolutionNode = FALSE
	EndGlobalSection
	GlobalSection(ExtensibilityGlobals) = postSolution
		SolutionGuid = {B1E4F37B-4909-488D-B099-D9E99D33AB30}
	EndGlobalSection
EndGlobal
